// !$*UTF8*$!
{
	archiveVersion = 1;
	classes = {
	};
	objectVersion = 56;
	objects = {

/* Begin PBXBuildFile section */
		787C95982F17F23500AB3BF1 /* Assets.xcassets in Resources */ = {isa = PBXBuildFile; fileRef = 787C95972F17F23500AB3BF1 /* Assets.xcassets */; };
		78F689392F17EF1B0025C8AC /* devicekit_iosApp.swift in Sources */ = {isa = PBXBuildFile; fileRef = 78F689372F17EF1B0025C8AC /* devicekit_iosApp.swift */; };
		BB0000012F90000100000001 /* ContentView.swift in Sources */ = {isa = PBXBuildFile; fileRef = BB0000102F90000100000001 /* ContentView.swift */; };
		BB0000022F90000100000001 /* ApplePrivateHeaders.h in Headers */ = {isa = PBXBuildFile; fileRef = BB0000112F90000100000001 /* ApplePrivateHeaders.h */; };
		BB0000032F90000100000001 /* SilentAudioQueue.h in Headers */ = {isa = PBXBuildFile; fileRef = BB0000122F90000100000001 /* SilentAudioQueue.h */; };
		BB0000042F90000100000001 /* SilentAudioQueue.m in Sources */ = {isa = PBXBuildFile; fileRef = BB0000132F90000100000001 /* SilentAudioQueue.m */; };
		BB0000052F90000100000001 /* ScreenTelemetryCapturer.h in Headers */ = {isa = PBXBuildFile; fileRef = BB0000142F90000100000001 /* ScreenTelemetryCapturer.h */; };
		BB0000062F90000100000001 /* ScreenTelemetryCapturer.m in Sources */ = {isa = PBXBuildFile; fileRef = BB0000152F90000100000001 /* ScreenTelemetryCapturer.m */; };
		BB0000072F90000100000001 /* HIDEventSynthesizer.h in Headers */ = {isa = PBXBuildFile; fileRef = BB0000162F90000100000001 /* HIDEventSynthesizer.h */; };
		BB0000082F90000100000001 /* HIDEventSynthesizer.m in Sources */ = {isa = PBXBuildFile; fileRef = BB0000172F90000100000001 /* HIDEventSynthesizer.m */; };
		BB0000092F90000100000001 /* SystemController.h in Headers */ = {isa = PBXBuildFile; fileRef = BB0000182F90000100000001 /* SystemController.h */; };
		BB00000A2F90000100000001 /* SystemController.m in Sources */ = {isa = PBXBuildFile; fileRef = BB0000192F90000100000001 /* SystemController.m */; };
		BB00000B2F90000100000001 /* AgentWebSocketServer.h in Headers */ = {isa = PBXBuildFile; fileRef = BB00001A2F90000100000001 /* AgentWebSocketServer.h */; };
		BB00000C2F90000100000001 /* AgentWebSocketServer.m in Sources */ = {isa = PBXBuildFile; fileRef = BB00001B2F90000100000001 /* AgentWebSocketServer.m */; };
		BB00000D2F90000100000001 /* DeviceKitAgent-Bridging-Header.h in Headers */ = {isa = PBXBuildFile; fileRef = BB00001C2F90000100000001 /* DeviceKitAgent-Bridging-Header.h */; };
		BB00000E2F90000100000001 /* IOSurface.framework in Frameworks */ = {isa = PBXBuildFile; fileRef = BB00001D2F90000100000001 /* IOSurface.framework */; };
		BB00000F2F90000100000001 /* VideoToolbox.framework in Frameworks */ = {isa = PBXBuildFile; fileRef = BB00001E2F90000100000001 /* VideoToolbox.framework */; };
		BB0000202F90000100000001 /* AVFoundation.framework in Frameworks */ = {isa = PBXBuildFile; fileRef = BB00001F2F90000100000001 /* AVFoundation.framework */; };
		BB0000212F90000100000001 /* AudioToolbox.framework in Frameworks */ = {isa = PBXBuildFile; fileRef = BB0000202F90000100000001 /* AudioToolbox.framework */; };
/* End PBXBuildFile section */

/* Begin PBXFileReference section */
		52049BD32935039F00807AA3 /* devicekit-ios.app */ = {isa = PBXFileReference; explicitFileType = wrapper.application; includeInIndex = 0; path = "devicekit-ios.app"; sourceTree = BUILT_PRODUCTS_DIR; };
		787C95972F17F23500AB3BF1 /* Assets.xcassets */ = {isa = PBXFileReference; lastKnownFileType = folder.assetcatalog; path = Assets.xcassets; sourceTree = "<group>"; };
		78F689132F17EE190025C8AC /* UIKit.framework */ = {isa = PBXFileReference; lastKnownFileType = wrapper.framework; name = UIKit.framework; path = System/Library/Frameworks/UIKit.framework; sourceTree = SDKROOT; };
		78F689372F17EF1B0025C8AC /* devicekit_iosApp.swift */ = {isa = PBXFileReference; lastKnownFileType = sourcecode.swift; path = devicekit_iosApp.swift; sourceTree = "<group>"; };
		BB0000102F90000100000001 /* ContentView.swift */ = {isa = PBXFileReference; lastKnownFileType = sourcecode.swift; path = ContentView.swift; sourceTree = "<group>"; };
		BB0000112F90000100000001 /* ApplePrivateHeaders.h */ = {isa = PBXFileReference; lastKnownFileType = sourcecode.c.h; path = ApplePrivateHeaders.h; sourceTree = "<group>"; };
		BB0000122F90000100000001 /* SilentAudioQueue.h */ = {isa = PBXFileReference; lastKnownFileType = sourcecode.c.h; path = SilentAudioQueue.h; sourceTree = "<group>"; };
		BB0000132F90000100000001 /* SilentAudioQueue.m */ = {isa = PBXFileReference; lastKnownFileType = sourcecode.c.objc; path = SilentAudioQueue.m; sourceTree = "<group>"; };
		BB0000142F90000100000001 /* ScreenTelemetryCapturer.h */ = {isa = PBXFileReference; lastKnownFileType = sourcecode.c.h; path = ScreenTelemetryCapturer.h; sourceTree = "<group>"; };
		BB0000152F90000100000001 /* ScreenTelemetryCapturer.m */ = {isa = PBXFileReference; lastKnownFileType = sourcecode.c.objc; path = ScreenTelemetryCapturer.m; sourceTree = "<group>"; };
		BB0000162F90000100000001 /* HIDEventSynthesizer.h */ = {isa = PBXFileReference; lastKnownFileType = sourcecode.c.h; path = HIDEventSynthesizer.h; sourceTree = "<group>"; };
		BB0000172F90000100000001 /* HIDEventSynthesizer.m */ = {isa = PBXFileReference; lastKnownFileType = sourcecode.c.objc; path = HIDEventSynthesizer.m; sourceTree = "<group>"; };
		BB0000182F90000100000001 /* SystemController.h */ = {isa = PBXFileReference; lastKnownFileType = sourcecode.c.h; path = SystemController.h; sourceTree = "<group>"; };
		BB0000192F90000100000001 /* SystemController.m */ = {isa = PBXFileReference; lastKnownFileType = sourcecode.c.objc; path = SystemController.m; sourceTree = "<group>"; };
		BB00001A2F90000100000001 /* AgentWebSocketServer.h */ = {isa = PBXFileReference; lastKnownFileType = sourcecode.c.h; path = AgentWebSocketServer.h; sourceTree = "<group>"; };
		BB00001B2F90000100000001 /* AgentWebSocketServer.m */ = {isa = PBXFileReference; lastKnownFileType = sourcecode.c.objc; path = AgentWebSocketServer.m; sourceTree = "<group>"; };
		BB00001C2F90000100000001 /* DeviceKitAgent-Bridging-Header.h */ = {isa = PBXFileReference; lastKnownFileType = sourcecode.c.h; path = "DeviceKitAgent-Bridging-Header.h"; sourceTree = "<group>"; };
		BB00001D2F90000100000001 /* IOSurface.framework */ = {isa = PBXFileReference; lastKnownFileType = wrapper.framework; name = IOSurface.framework; path = System/Library/Frameworks/IOSurface.framework; sourceTree = SDKROOT; };
		BB00001E2F90000100000001 /* VideoToolbox.framework */ = {isa = PBXFileReference; lastKnownFileType = wrapper.framework; name = VideoToolbox.framework; path = System/Library/Frameworks/VideoToolbox.framework; sourceTree = SDKROOT; };
		BB00001F2F90000100000001 /* AVFoundation.framework */ = {isa = PBXFileReference; lastKnownFileType = wrapper.framework; name = AVFoundation.framework; path = System/Library/Frameworks/AVFoundation.framework; sourceTree = SDKROOT; };
		BB0000202F90000100000001 /* AudioToolbox.framework */ = {isa = PBXFileReference; lastKnownFileType = wrapper.framework; name = AudioToolbox.framework; path = System/Library/Frameworks/AudioToolbox.framework; sourceTree = SDKROOT; };
		BB0000222F90000100000001 /* Info.plist */ = {isa = PBXFileReference; lastKnownFileType = text.plist.xml; path = Info.plist; sourceTree = "<group>"; };
/* End PBXFileReference section */

/* Begin PBXFrameworksBuildPhase section */
		52049BD02935039F00807AA3 /* Frameworks */ = {
			isa = PBXFrameworksBuildPhase;
			buildActionMask = 2147483647;
			files = (
				BB00000E2F90000100000001 /* IOSurface.framework in Frameworks */,
				BB00000F2F90000100000001 /* VideoToolbox.framework in Frameworks */,
				BB0000202F90000100000001 /* AVFoundation.framework in Frameworks */,
				BB0000212F90000100000001 /* AudioToolbox.framework in Frameworks */,
			);
			runOnlyForDeploymentPostprocessing = 0;
		};
/* End PBXFrameworksBuildPhase section */

/* Begin PBXGroup section */
		52049BCA2935039F00807AA3 = {
			isa = PBXGroup;
			children = (
				52049BD52935039F00807AA3 /* DeviceKit */,
				52049BD42935039F00807AA3 /* Products */,
				5279BFD42935ECE20056C609 /* Frameworks */,
			);
			sourceTree = "<group>";
		};
		52049BD42935039F00807AA3 /* Products */ = {
			isa = PBXGroup;
			children = (
				52049BD32935039F00807AA3 /* devicekit-ios.app */,
			);
			name = Products;
			sourceTree = "<group>";
		};
		52049BD52935039F00807AA3 /* DeviceKit */ = {
			isa = PBXGroup;
			children = (
				BB0000302F90000100000001 /* RemoteAgent */,
				BB0000312F90000100000001 /* View */,
				787C95972F17F23500AB3BF1 /* Assets.xcassets */,
				78F689372F17EF1B0025C8AC /* devicekit_iosApp.swift */,
				BB0000222F90000100000001 /* Info.plist */,
			);
			path = DeviceKit;
			sourceTree = "<group>";
		};
		BB0000312F90000100000001 /* View */ = {
			isa = PBXGroup;
			children = (
				BB0000102F90000100000001 /* ContentView.swift */,
			);
			path = View;
			sourceTree = "<group>";
		};
		BB0000302F90000100000001 /* RemoteAgent */ = {
			isa = PBXGroup;
			children = (
				BB0000112F90000100000001 /* ApplePrivateHeaders.h */,
				BB0000122F90000100000001 /* SilentAudioQueue.h */,
				BB0000132F90000100000001 /* SilentAudioQueue.m */,
				BB0000142F90000100000001 /* ScreenTelemetryCapturer.h */,
				BB0000152F90000100000001 /* ScreenTelemetryCapturer.m */,
				BB0000162F90000100000001 /* HIDEventSynthesizer.h */,
				BB0000172F90000100000001 /* HIDEventSynthesizer.m */,
				BB0000182F90000100000001 /* SystemController.h */,
				BB0000192F90000100000001 /* SystemController.m */,
				BB00001A2F90000100000001 /* AgentWebSocketServer.h */,
				BB00001B2F90000100000001 /* AgentWebSocketServer.m */,
				BB00001C2F90000100000001 /* DeviceKitAgent-Bridging-Header.h */,
			);
			path = RemoteAgent;
			sourceTree = "<group>";
		};
		5279BFD42935ECE20056C609 /* Frameworks */ = {
			isa = PBXGroup;
			children = (
				78F689132F17EE190025C8AC /* UIKit.framework */,
				BB00001D2F90000100000001 /* IOSurface.framework */,
				BB00001E2F90000100000001 /* VideoToolbox.framework */,
				BB00001F2F90000100000001 /* AVFoundation.framework */,
				BB0000202F90000100000001 /* AudioToolbox.framework */,
			);
			name = Frameworks;
			sourceTree = "<group>";
		};
/* End PBXGroup section */

/* Begin PBXNativeTarget section */
		52049BD22935039F00807AA3 /* devicekit-ios */ = {
			isa = PBXNativeTarget;
			buildConfigurationList = 52049BFD293503A200807AA3 /* Build configuration list for PBXNativeTarget "devicekit-ios" */;
			buildPhases = (
				52049BCF2935039F00807AA3 /* Sources */,
				52049BD02935039F00807AA3 /* Frameworks */,
				52049BD12935039F00807AA3 /* Resources */,
			);
			buildRules = (
			);
			dependencies = (
			);
			name = "devicekit-ios";
			productName = "devicekit-ios";
			productReference = 52049BD32935039F00807AA3 /* devicekit-ios.app */;
			productType = "com.apple.product-type.application";
		};
/* End PBXNativeTarget section */

/* Begin PBXProject section */
		52049BCB2935039F00807AA3 /* Project object */ = {
			isa = PBXProject;
			attributes = {
				BuildIndependentTargetsInParallel = 1;
				LastSwiftUpdateCheck = 1500;
				LastUpgradeCheck = 1500;
				TargetAttributes = {
					52049BD22935039F00807AA3 = {
						CreatedOnToolsVersion = 13.4.1;
					};
				};
			};
			buildConfigurationList = 52049BCE2935039F00807AA3 /* Build configuration list for PBXProject "devicekit-ios" */;
			compatibilityVersion = "Xcode 13.0";
			developmentRegion = en;
			hasScannedForEncodings = 0;
			knownRegions = (
				en,
				Base,
			);
			mainGroup = 52049BCA2935039F00807AA3;
			productRefGroup = 52049BD42935039F00807AA3 /* Products */;
			projectDirPath = "";
			projectRoot = "";
			targets = (
				52049BD22935039F00807AA3 /* devicekit-ios */,
			);
		};
/* End PBXProject section */

/* Begin PBXResourcesBuildPhase section */
		52049BD12935039F00807AA3 /* Resources */ = {
			isa = PBXResourcesBuildPhase;
			buildActionMask = 2147483647;
			files = (
				787C95982F17F23500AB3BF1 /* Assets.xcassets in Resources */,
			);
			runOnlyForDeploymentPostprocessing = 0;
		};
/* End PBXResourcesBuildPhase section */

/* Begin PBXSourcesBuildPhase section */
		52049BCF2935039F00807AA3 /* Sources */ = {
			isa = PBXSourcesBuildPhase;
			buildActionMask = 2147483647;
			files = (
				78F689392F17EF1B0025C8AC /* devicekit_iosApp.swift in Sources */,
				BB0000012F90000100000001 /* ContentView.swift in Sources */,
				BB0000042F90000100000001 /* SilentAudioQueue.m in Sources */,
				BB0000062F90000100000001 /* ScreenTelemetryCapturer.m in Sources */,
				BB0000082F90000100000001 /* HIDEventSynthesizer.m in Sources */,
				BB00000A2F90000100000001 /* SystemController.m in Sources */,
				BB00000C2F90000100000001 /* AgentWebSocketServer.m in Sources */,
			);
			runOnlyForDeploymentPostprocessing = 0;
		};
/* End PBXSourcesBuildPhase section */

/* Begin XCBuildConfiguration section */
		52049BFB293503A200807AA3 /* Debug */ = {
			isa = XCBuildConfiguration;
			buildSettings = {
				ALWAYS_SEARCH_USER_PATHS = NO;
				ASSETCATALOG_COMPILER_GENERATE_SWIFT_ASSET_SYMBOL_EXTENSIONS = YES;
				CLANG_ANALYZER_NONNULL = YES;
				CLANG_ANALYZER_NUMBER_OBJECT_CONVERSION = YES_AGGRESSIVE;
				CLANG_CXX_LANGUAGE_STANDARD = "gnu++17";
				CLANG_ENABLE_MODULES = YES;
				CLANG_ENABLE_OBJC_ARC = YES;
				CLANG_ENABLE_OBJC_WEAK = YES;
				CLANG_WARN_BLOCK_CAPTURE_AUTORELEASING = YES;
				CLANG_WARN_BOOL_CONVERSION = YES;
				CLANG_WARN_COMMA = YES;
				CLANG_WARN_CONSTANT_CONVERSION = YES;
				CLANG_WARN_DEPRECATED_OBJC_IMPLEMENTATIONS = YES;
				CLANG_WARN_DIRECT_OBJC_ISA_USAGE = YES_ERROR;
				CLANG_WARN_DOCUMENTATION_COMMENTS = YES;
				CLANG_WARN_EMPTY_BODY = YES;
				CLANG_WARN_ENUM_CONVERSION = YES;
				CLANG_WARN_INFINITE_RECURSION = YES;
				CLANG_WARN_INT_CONVERSION = YES;
				CLANG_WARN_NON_LITERAL_NULL_CONVERSION = YES;
				CLANG_WARN_OBJC_IMPLICIT_RETAIN_SELF = YES;
				CLANG_WARN_OBJC_LITERAL_CONVERSION = YES;
				CLANG_WARN_OBJC_ROOT_CLASS = YES_ERROR;
				CLANG_WARN_QUOTED_INCLUDE_IN_FRAMEWORK_HEADER = YES;
				CLANG_WARN_RANGE_LOOP_ANALYSIS = YES;
				CLANG_WARN_STRICT_PROTOTYPES = YES;
				CLANG_WARN_SUSPICIOUS_MOVE = YES;
				CLANG_WARN_UNGUARDED_AVAILABILITY = YES_AGGRESSIVE;
				CLANG_WARN_UNREACHABLE_CODE = YES;
				CLANG_WARN__DUPLICATE_METHOD_MATCH = YES;
				COPY_PHASE_STRIP = NO;
				DEBUG_INFORMATION_FORMAT = dwarf;
				DEVELOPMENT_TEAM = "";
				ENABLE_STRICT_OBJC_MSGSEND = YES;
				ENABLE_TESTABILITY = YES;
				GCC_DYNAMIC_NO_PIC = NO;
				GCC_NO_COMMON_BLOCKS = YES;
				GCC_OPTIMIZATION_LEVEL = 0;
				GCC_PREPROCESSOR_DEFINITIONS = (
					"DEBUG=1",
					"$(inherited)",
				);
				GCC_WARN_64_TO_32_BIT_CONVERSION = YES;
				GCC_WARN_ABOUT_RETURN_TYPE = YES_ERROR;
				GCC_WARN_UNDECLARED_SELECTOR = YES;
				GCC_WARN_UNINITIALIZED_AUTOS = YES_AGGRESSIVE;
				GCC_WARN_UNUSED_FUNCTION = YES;
				GCC_WARN_UNUSED_VARIABLE = YES;
				IPHONEOS_DEPLOYMENT_TARGET = 16.0;
				MTL_ENABLE_DEBUG_INFO = INCLUDE_SOURCE;
				MTL_FAST_MATH = YES;
				ONLY_ACTIVE_ARCH = YES;
				SDKROOT = iphoneos;
				STRING_CATALOG_GENERATE_SYMBOLS = YES;
				SWIFT_ACTIVE_COMPILATION_CONDITIONS = DEBUG;
				SWIFT_OPTIMIZATION_LEVEL = "-Onone";
			};
			name = Debug;
		};
		52049BFC293503A200807AA3 /* Release */ = {
			isa = XCBuildConfiguration;
			buildSettings = {
				ALWAYS_SEARCH_USER_PATHS = NO;
				ASSETCATALOG_COMPILER_GENERATE_SWIFT_ASSET_SYMBOL_EXTENSIONS = YES;
				CC_C_LANGUAGE_STANDARD = gnu11;
				CLANG_ANALYZER_NONNULL = YES;
				CLANG_ANALYZER_NUMBER_OBJECT_CONVERSION = YES_AGGRESSIVE;
				CLANG_CXX_LANGUAGE_STANDARD = "gnu++17";
				CLANG_ENABLE_MODULES = YES;
				CLANG_ENABLE_OBJC_ARC = YES;
				CLANG_ENABLE_OBJC_WEAK = YES;
				CLANG_WARN_BLOCK_CAPTURE_AUTORELEASING = YES;
				CLANG_WARN_BOOL_CONVERSION = YES;
				CLANG_WARN_COMMA = YES;
				CLANG_WARN_CONSTANT_CONVERSION = YES;
				CLANG_WARN_DEPRECATED_OBJC_IMPLEMENTATIONS = YES;
				CLANG_WARN_DIRECT_OBJC_ISA_USAGE = YES_ERROR;
				CLANG_WARN_DOCUMENTATION_COMMENTS = YES;
				CLANG_WARN_EMPTY_BODY = YES;
				CLANG_WARN_ENUM_CONVERSION = YES;
				CLANG_WARN_INFINITE_RECURSION = YES;
				CLANG_WARN_INT_CONVERSION = YES;
				CLANG_WARN_NON_LITERAL_NULL_CONVERSION = YES;
				CLANG_WARN_OBJC_IMPLICIT_RETAIN_SELF = YES;
				CLANG_WARN_OBJC_LITERAL_CONVERSION = YES;
				CLANG_WARN_OBJC_ROOT_CLASS = YES_ERROR;
				CLANG_WARN_QUOTED_INCLUDE_IN_FRAMEWORK_HEADER = YES;
				CLANG_WARN_RANGE_LOOP_ANALYSIS = YES;
				CLANG_WARN_STRICT_PROTOTYPES = YES;
				CLANG_WARN_SUSPICIOUS_MOVE = YES;
				CLANG_WARN_UNGUARDED_AVAILABILITY = YES_AGGRESSIVE;
				CLANG_WARN_UNREACHABLE_CODE = YES;
				CLANG_WARN__DUPLICATE_METHOD_MATCH = YES;
				COPY_PHASE_STRIP = NO;
				DEBUG_INFORMATION_FORMAT = "dwarf-with-dsym";
				DEVELOPMENT_TEAM = "";
				ENABLE_NS_ASSERTIONS = NO;
				ENABLE_STRICT_OBJC_MSGSEND = YES;
				GCC_NO_COMMON_BLOCKS = YES;
				GCC_WARN_64_TO_32_BIT_CONVERSION = YES;
				GCC_WARN_ABOUT_RETURN_TYPE = YES_ERROR;
				GCC_WARN_UNDECLARED_SELECTOR = YES;
				GCC_WARN_UNINITIALIZED_AUTOS = YES_AGGRESSIVE;
				GCC_WARN_UNUSED_FUNCTION = YES;
				GCC_WARN_UNUSED_VARIABLE = YES;
				IPHONEOS_DEPLOYMENT_TARGET = 16.0;
				MTL_ENABLE_DEBUG_INFO = NO;
				MTL_FAST_MATH = YES;
				SDKROOT = iphoneos;
				STRING_CATALOG_GENERATE_SYMBOLS = YES;
				SWIFT_COMPILATION_MODE = wholemodule;
				SWIFT_OPTIMIZATION_LEVEL = "-O";
				VALIDATE_PRODUCT = YES;
			};
			name = Release;
		};
		52049BFE293503A200807AA3 /* Debug */ = {
			isa = XCBuildConfiguration;
			buildSettings = {
				ASSETCATALOG_COMPILER_APPICON_NAME = AppIcon;
				ASSETCATALOG_COMPILER_GLOBAL_ACCENT_COLOR_NAME = AccentColor;
				CODE_SIGN_IDENTITY = "Apple Development";
				CODE_SIGN_STYLE = Automatic;
				CURRENT_PROJECT_VERSION = 1;
				DEVELOPMENT_TEAM = B8BGPMF2XK;
				GENERATE_INFOPLIST_FILE = NO;
				INFOPLIST_FILE = "DeviceKit/Info.plist";
				IPHONEOS_DEPLOYMENT_TARGET = 16.0;
				LD_RUNPATH_SEARCH_PATHS = (
					"$(inherited)",
					"@executable_path/Frameworks",
				);
				MARKETING_VERSION = 1.0;
				OTHER_LDFLAGS = "-ObjC";
				PRODUCT_BUNDLE_IDENTIFIER = hk.com.hsbc.enterprise.hsbchkrewards.local2;
				PRODUCT_NAME = "$(TARGET_NAME)";
				PROVISIONING_PROFILE_SPECIFIER = "hk.com.hsbc.enterprise.hsbchkrewards.local2 InHouse";
				SWIFT_EMIT_LOC_STRINGS = YES;
				SWIFT_OBJC_BRIDGING_HEADER = "DeviceKit/RemoteAgent/DeviceKitAgent-Bridging-Header.h";
				SWIFT_VERSION = 5.9;
				TARGETED_DEVICE_FAMILY = "1,2";
			};
			name = Debug;
		};
		52049BFF293503A200807AA3 /* Release */ = {
			isa = XCBuildConfiguration;
			buildSettings = {
				ASSETCATALOG_COMPILER_APPICON_NAME = AppIcon;
				ASSETCATALOG_COMPILER_GLOBAL_ACCENT_COLOR_NAME = AccentColor;
				CODE_SIGN_IDENTITY = "Apple Development";
				CODE_SIGN_STYLE = Automatic;
				CURRENT_PROJECT_VERSION = 1;
				DEVELOPMENT_TEAM = B8BGPMF2XK;
				GENERATE_INFOPLIST_FILE = NO;
				INFOPLIST_FILE = "DeviceKit/Info.plist";
				IPHONEOS_DEPLOYMENT_TARGET = 16.0;
				LD_RUNPATH_SEARCH_PATHS = (
					"$(inherited)",
					"@executable_path/Frameworks",
				);
				MARKETING_VERSION = 1.0;
				OTHER_LDFLAGS = "-ObjC";
				PRODUCT_BUNDLE_IDENTIFIER = hk.com.hsbc.enterprise.hsbchkrewards.local2;
				PRODUCT_NAME = "$(TARGET_NAME)";
				PROVISIONING_PROFILE_SPECIFIER = "hk.com.hsbc.enterprise.hsbchkrewards.local2 InHouse";
				SWIFT_EMIT_LOC_STRINGS = YES;
				SWIFT_OBJC_BRIDGING_HEADER = "DeviceKit/RemoteAgent/DeviceKitAgent-Bridging-Header.h";
				SWIFT_VERSION = 5.9;
				TARGETED_DEVICE_FAMILY = "1,2";
			};
			name = Release;
		};
/* End XCBuildConfiguration section */

/* Begin XCConfigurationList section */
		52049BCE2935039F00807AA3 /* Build configuration list for PBXProject "devicekit-ios" */ = {
			isa = XCConfigurationList;
			buildConfigurations = (
				52049BFB293503A200807AA3 /* Debug */,
				52049BFC293503A200807AA3 /* Release */,
			);
			defaultConfigurationIsVisible = 0;
			defaultConfigurationName = Release;
		};
		52049BFD293503A200807AA3 /* Build configuration list for PBXNativeTarget "devicekit-ios" */ = {
			isa = XCConfigurationList;
			buildConfigurations = (
				52049BFE293503A200807AA3 /* Debug */,
				52049BFF293503A200807AA3 /* Release */,
			);
			defaultConfigurationIsVisible = 0;
			defaultConfigurationName = Release;
		};
/* End XCConfigurationList section */
	};
	rootObject = 52049BCB2935039F00807AA3 /* Project object */;
}
